
Microsoft Visual Studio Solution File, Format Version 12.00
# Visual Studio Version 16
VisualStudioVersion = 16.0.31424.327
MinimumVisualStudioVersion = 10.0.40219.1
Project("{D2ABAB84-BF74-430A-B69E-9DC6D40DDA17}") = "SABZ4", "SABZ4\SABZ4.dwproj", "{7B704105-0C66-43F7-B6C8-87FD42915E63}"
EndProject
Project("{D2ABAB84-BF74-430A-B69E-9DC6D40DDA17}") = "BunSSASMD", "Bun\BunSSASMD.dwproj", "{830B0DB6-AE71-4912-8450-BCF6E16905B7}"
EndProject
Project("{159641D6-6404-4A2A-AE62-294DE0FE8301}") = "BunSSIS", "BunETL\BunSSIS.dtproj", "{FA4E00F6-92E3-457C-879B-C70B811495A9}"
EndProject
Project("{D2ABAB84-BF74-430A-B69E-9DC6D40DDA17}") = "AS_SalesPlaning", "AS_SalesPlaning\AS_SalesPlaning.dwproj", "{0732E9FD-93BC-4373-8E1D-E725B57B6BE7}"
EndProject
Global
	GlobalSection(SolutionConfigurationPlatforms) = preSolution
		Development|Default = Development|Default
		Production|Default = Production|Default
		Test|Default = Test|Default
	EndGlobalSection
	GlobalSection(ProjectConfigurationPlatforms) = postSolution
		{7B704105-0C66-43F7-B6C8-87FD42915E63}.Development|Default.ActiveCfg = Development
		{7B704105-0C66-43F7-B6C8-87FD42915E63}.Development|Default.Build.0 = Development
		{7B704105-0C66-43F7-B6C8-87FD42915E63}.Development|Default.Deploy.0 = Development
		{7B704105-0C66-43F7-B6C8-87FD42915E63}.Production|Default.ActiveCfg = Development
		{7B704105-0C66-43F7-B6C8-87FD42915E63}.Production|Default.Build.0 = Development
		{7B704105-0C66-43F7-B6C8-87FD42915E63}.Production|Default.Deploy.0 = Development
		{7B704105-0C66-43F7-B6C8-87FD42915E63}.Test|Default.ActiveCfg = Test
		{7B704105-0C66-43F7-B6C8-87FD42915E63}.Test|Default.Build.0 = Test
		{7B704105-0C66-43F7-B6C8-87FD42915E63}.Test|Default.Deploy.0 = Test
		{830B0DB6-AE71-4912-8450-BCF6E16905B7}.Development|Default.ActiveCfg = Development
		{830B0DB6-AE71-4912-8450-BCF6E16905B7}.Development|Default.Build.0 = Development
		{830B0DB6-AE71-4912-8450-BCF6E16905B7}.Development|Default.Deploy.0 = Development
		{830B0DB6-AE71-4912-8450-BCF6E16905B7}.Production|Default.ActiveCfg = Development
		{830B0DB6-AE71-4912-8450-BCF6E16905B7}.Production|Default.Build.0 = Development
		{830B0DB6-AE71-4912-8450-BCF6E16905B7}.Production|Default.Deploy.0 = Development
		{830B0DB6-AE71-4912-8450-BCF6E16905B7}.Test|Default.ActiveCfg = Development
		{830B0DB6-AE71-4912-8450-BCF6E16905B7}.Test|Default.Build.0 = Development
		{830B0DB6-AE71-4912-8450-BCF6E16905B7}.Test|Default.Deploy.0 = Development
		{FA4E00F6-92E3-457C-879B-C70B811495A9}.Development|Default.ActiveCfg = Development
		{FA4E00F6-92E3-457C-879B-C70B811495A9}.Development|Default.Build.0 = Development
		{FA4E00F6-92E3-457C-879B-C70B811495A9}.Production|Default.ActiveCfg = Development
		{FA4E00F6-92E3-457C-879B-C70B811495A9}.Production|Default.Build.0 = Development
		{FA4E00F6-92E3-457C-879B-C70B811495A9}.Test|Default.ActiveCfg = Development
		{FA4E00F6-92E3-457C-879B-C70B811495A9}.Test|Default.Build.0 = Development
		{0732E9FD-93BC-4373-8E1D-E725B57B6BE7}.Development|Default.ActiveCfg = Development
		{0732E9FD-93BC-4373-8E1D-E725B57B6BE7}.Development|Default.Build.0 = Development
		{0732E9FD-93BC-4373-8E1D-E725B57B6BE7}.Development|Default.Deploy.0 = Development
		{0732E9FD-93BC-4373-8E1D-E725B57B6BE7}.Production|Default.ActiveCfg = Development
		{0732E9FD-93BC-4373-8E1D-E725B57B6BE7}.Production|Default.Build.0 = Development
		{0732E9FD-93BC-4373-8E1D-E725B57B6BE7}.Production|Default.Deploy.0 = Development
		{0732E9FD-93BC-4373-8E1D-E725B57B6BE7}.Test|Default.ActiveCfg = Development
		{0732E9FD-93BC-4373-8E1D-E725B57B6BE7}.Test|Default.Build.0 = Development
		{0732E9FD-93BC-4373-8E1D-E725B57B6BE7}.Test|Default.Deploy.0 = Development
	EndGlobalSection
	GlobalSection(SolutionProperties) = preSolution
		HideSolutionNode = FALSE
	EndGlobalSection
	GlobalSection(ExtensibilityGlobals) = postSolution
		SolutionGuid = {1F948E07-E465-4557-814F-69872F02A03F}
	EndGlobalSection
EndGlobal
