
Microsoft Visual Studio Solution File, Format Version 12.00
# Visual Studio Version 16
VisualStudioVersion = 16.0.32407.337
MinimumVisualStudioVersion = 10.0.40219.1
Project("{D2ABAB84-BF74-430A-B69E-9DC6D40DDA17}") = "AS_SalesPlaning", "AS_SalesPlaning.dwproj", "{34F80B04-3A7B-4994-93C6-EDAD4AC30F27}"
EndProject
Global
	GlobalSection(SolutionConfigurationPlatforms) = preSolution
		Development|Default = Development|Default
	EndGlobalSection
	GlobalSection(ProjectConfigurationPlatforms) = postSolution
		{34F80B04-3A7B-4994-93C6-EDAD4AC30F27}.Development|Default.ActiveCfg = Development
		{34F80B04-3A7B-4994-93C6-EDAD4AC30F27}.Development|Default.Build.0 = Development
		{34F80B04-3A7B-4994-93C6-EDAD4AC30F27}.Development|Default.Deploy.0 = Development
	EndGlobalSection
	GlobalSection(SolutionProperties) = preSolution
		HideSolutionNode = FALSE
	EndGlobalSection
	GlobalSection(ExtensibilityGlobals) = postSolution
		SolutionGuid = {F51396AD-F6E5-411A-9685-5127ACC0F914}
	EndGlobalSection
EndGlobal
